
Microsoft Visual Studio Solution File, Format Version 12.00
# Visual Studio Version 17
VisualStudioVersion = 17.6.33815.320
MinimumVisualStudioVersion = 10.0.40219.1
Project("{FAE04EC0-301F-11D3-BF4B-00C04F79EFBC}") = "testPred2", "testPred2\testPred2.csproj", "{FB648F54-4393-4725-8FFE-109F7B933737}"
EndProject
Global
	GlobalSection(SolutionConfigurationPlatforms) = preSolution
		Debug|Any CPU = Debug|Any CPU
		Release|Any CPU = Release|Any CPU
	EndGlobalSection
	GlobalSection(ProjectConfigurationPlatforms) = postSolution
		{FB648F54-4393-4725-8FFE-109F7B933737}.Debug|Any CPU.ActiveCfg = Debug|Any CPU
		{FB648F54-4393-4725-8FFE-109F7B933737}.Debug|Any CPU.Build.0 = Debug|Any CPU
		{FB648F54-4393-4725-8FFE-109F7B933737}.Release|Any CPU.ActiveCfg = Release|Any CPU
		{FB648F54-4393-4725-8FFE-109F7B933737}.Release|Any CPU.Build.0 = Release|Any CPU
	EndGlobalSection
	GlobalSection(SolutionProperties) = preSolution
		HideSolutionNode = FALSE
	EndGlobalSection
	GlobalSection(ExtensibilityGlobals) = postSolution
		SolutionGuid = {53BDB9ED-11F7-4001-96EC-CD7A4CA2738B}
	EndGlobalSection
EndGlobal
